
Microsoft Visual Studio Solution File, Format Version 12.00
# Visual Studio Version 17
VisualStudioVersion = 17.3.32819.101
MinimumVisualStudioVersion = 10.0.40219.1
Project("{FAE04EC0-301F-11D3-BF4B-00C04F79EFBC}") = "L1_LFVV_1244416", "L1_LFVV_1244416\L1_LFVV_1244416.csproj", "{45FEC0AD-09FB-4E57-A3B8-83DDEB224D91}"
EndProject
Global
	GlobalSection(SolutionConfigurationPlatforms) = preSolution
		Debug|Any CPU = Debug|Any CPU
		Release|Any CPU = Release|Any CPU
	EndGlobalSection
	GlobalSection(ProjectConfigurationPlatforms) = postSolution
		{45FEC0AD-09FB-4E57-A3B8-83DDEB224D91}.Debug|Any CPU.ActiveCfg = Debug|Any CPU
		{45FEC0AD-09FB-4E57-A3B8-83DDEB224D91}.Debug|Any CPU.Build.0 = Debug|Any CPU
		{45FEC0AD-09FB-4E57-A3B8-83DDEB224D91}.Release|Any CPU.ActiveCfg = Release|Any CPU
		{45FEC0AD-09FB-4E57-A3B8-83DDEB224D91}.Release|Any CPU.Build.0 = Release|Any CPU
	EndGlobalSection
	GlobalSection(SolutionProperties) = preSolution
		HideSolutionNode = FALSE
	EndGlobalSection
	GlobalSection(ExtensibilityGlobals) = postSolution
		SolutionGuid = {872798D9-A088-4A91-AD64-35C1A972F4AA}
	EndGlobalSection
EndGlobal
